
Microsoft Visual Studio Solution File, Format Version 12.00
# Visual Studio 15
VisualStudioVersion = 15.0.26124.0
MinimumVisualStudioVersion = 15.0.26124.0
Project("{FAE04EC0-301F-11D3-BF4B-00C04F79EFBC}") = "Domain", "Domain\Domain.csproj", "{0B68298B-4672-4CA0-AD25-2F9ABEA1FF95}"
EndProject
Project("{FAE04EC0-301F-11D3-BF4B-00C04F79EFBC}") = "Domain.Shared", "Domain.Shared\Domain.Shared.csproj", "{41BF89E4-8C67-45A6-8044-13009E363220}"
EndProject
Project("{2150E333-8FDC-42A3-9474-1A3956D46DE8}") = "Tests", "Tests", "{94044B0E-96D7-41F9-A8FF-BFF2499C5491}"
EndProject
Project("{FAE04EC0-301F-11D3-BF4B-00C04F79EFBC}") = "Domain.Test", "Tests\Domain.Test\Domain.Test.csproj", "{442BB67F-38A0-4AA0-AFAE-C3C410E249B1}"
EndProject
Project("{FAE04EC0-301F-11D3-BF4B-00C04F79EFBC}") = "Application", "Application\Application.csproj", "{C0255B06-E99A-49D8-AEF2-384CAB5E8DD0}"
EndProject
Global
	GlobalSection(SolutionConfigurationPlatforms) = preSolution
		Debug|Any CPU = Debug|Any CPU
		Debug|x64 = Debug|x64
		Debug|x86 = Debug|x86
		Release|Any CPU = Release|Any CPU
		Release|x64 = Release|x64
		Release|x86 = Release|x86
	EndGlobalSection
	GlobalSection(SolutionProperties) = preSolution
		HideSolutionNode = FALSE
	EndGlobalSection
	GlobalSection(ProjectConfigurationPlatforms) = postSolution
		{0B68298B-4672-4CA0-AD25-2F9ABEA1FF95}.Debug|Any CPU.ActiveCfg = Debug|Any CPU
		{0B68298B-4672-4CA0-AD25-2F9ABEA1FF95}.Debug|Any CPU.Build.0 = Debug|Any CPU
		{0B68298B-4672-4CA0-AD25-2F9ABEA1FF95}.Debug|x64.ActiveCfg = Debug|x64
		{0B68298B-4672-4CA0-AD25-2F9ABEA1FF95}.Debug|x64.Build.0 = Debug|x64
		{0B68298B-4672-4CA0-AD25-2F9ABEA1FF95}.Debug|x86.ActiveCfg = Debug|x86
		{0B68298B-4672-4CA0-AD25-2F9ABEA1FF95}.Debug|x86.Build.0 = Debug|x86
		{0B68298B-4672-4CA0-AD25-2F9ABEA1FF95}.Release|Any CPU.ActiveCfg = Release|Any CPU
		{0B68298B-4672-4CA0-AD25-2F9ABEA1FF95}.Release|Any CPU.Build.0 = Release|Any CPU
		{0B68298B-4672-4CA0-AD25-2F9ABEA1FF95}.Release|x64.ActiveCfg = Release|x64
		{0B68298B-4672-4CA0-AD25-2F9ABEA1FF95}.Release|x64.Build.0 = Release|x64
		{0B68298B-4672-4CA0-AD25-2F9ABEA1FF95}.Release|x86.ActiveCfg = Release|x86
		{0B68298B-4672-4CA0-AD25-2F9ABEA1FF95}.Release|x86.Build.0 = Release|x86
		{41BF89E4-8C67-45A6-8044-13009E363220}.Debug|Any CPU.ActiveCfg = Debug|Any CPU
		{41BF89E4-8C67-45A6-8044-13009E363220}.Debug|Any CPU.Build.0 = Debug|Any CPU
		{41BF89E4-8C67-45A6-8044-13009E363220}.Debug|x64.ActiveCfg = Debug|x64
		{41BF89E4-8C67-45A6-8044-13009E363220}.Debug|x64.Build.0 = Debug|x64
		{41BF89E4-8C67-45A6-8044-13009E363220}.Debug|x86.ActiveCfg = Debug|x86
		{41BF89E4-8C67-45A6-8044-13009E363220}.Debug|x86.Build.0 = Debug|x86
		{41BF89E4-8C67-45A6-8044-13009E363220}.Release|Any CPU.ActiveCfg = Release|Any CPU
		{41BF89E4-8C67-45A6-8044-13009E363220}.Release|Any CPU.Build.0 = Release|Any CPU
		{41BF89E4-8C67-45A6-8044-13009E363220}.Release|x64.ActiveCfg = Release|x64
		{41BF89E4-8C67-45A6-8044-13009E363220}.Release|x64.Build.0 = Release|x64
		{41BF89E4-8C67-45A6-8044-13009E363220}.Release|x86.ActiveCfg = Release|x86
		{41BF89E4-8C67-45A6-8044-13009E363220}.Release|x86.Build.0 = Release|x86
		{442BB67F-38A0-4AA0-AFAE-C3C410E249B1}.Debug|Any CPU.ActiveCfg = Debug|Any CPU
		{442BB67F-38A0-4AA0-AFAE-C3C410E249B1}.Debug|Any CPU.Build.0 = Debug|Any CPU
		{442BB67F-38A0-4AA0-AFAE-C3C410E249B1}.Debug|x64.ActiveCfg = Debug|x64
		{442BB67F-38A0-4AA0-AFAE-C3C410E249B1}.Debug|x64.Build.0 = Debug|x64
		{442BB67F-38A0-4AA0-AFAE-C3C410E249B1}.Debug|x86.ActiveCfg = Debug|x86
		{442BB67F-38A0-4AA0-AFAE-C3C410E249B1}.Debug|x86.Build.0 = Debug|x86
		{442BB67F-38A0-4AA0-AFAE-C3C410E249B1}.Release|Any CPU.ActiveCfg = Release|Any CPU
		{442BB67F-38A0-4AA0-AFAE-C3C410E249B1}.Release|Any CPU.Build.0 = Release|Any CPU
		{442BB67F-38A0-4AA0-AFAE-C3C410E249B1}.Release|x64.ActiveCfg = Release|x64
		{442BB67F-38A0-4AA0-AFAE-C3C410E249B1}.Release|x64.Build.0 = Release|x64
		{442BB67F-38A0-4AA0-AFAE-C3C410E249B1}.Release|x86.ActiveCfg = Release|x86
		{442BB67F-38A0-4AA0-AFAE-C3C410E249B1}.Release|x86.Build.0 = Release|x86
		{C0255B06-E99A-49D8-AEF2-384CAB5E8DD0}.Debug|Any CPU.ActiveCfg = Debug|Any CPU
		{C0255B06-E99A-49D8-AEF2-384CAB5E8DD0}.Debug|Any CPU.Build.0 = Debug|Any CPU
		{C0255B06-E99A-49D8-AEF2-384CAB5E8DD0}.Debug|x64.ActiveCfg = Debug|x64
		{C0255B06-E99A-49D8-AEF2-384CAB5E8DD0}.Debug|x64.Build.0 = Debug|x64
		{C0255B06-E99A-49D8-AEF2-384CAB5E8DD0}.Debug|x86.ActiveCfg = Debug|x86
		{C0255B06-E99A-49D8-AEF2-384CAB5E8DD0}.Debug|x86.Build.0 = Debug|x86
		{C0255B06-E99A-49D8-AEF2-384CAB5E8DD0}.Release|Any CPU.ActiveCfg = Release|Any CPU
		{C0255B06-E99A-49D8-AEF2-384CAB5E8DD0}.Release|Any CPU.Build.0 = Release|Any CPU
		{C0255B06-E99A-49D8-AEF2-384CAB5E8DD0}.Release|x64.ActiveCfg = Release|x64
		{C0255B06-E99A-49D8-AEF2-384CAB5E8DD0}.Release|x64.Build.0 = Release|x64
		{C0255B06-E99A-49D8-AEF2-384CAB5E8DD0}.Release|x86.ActiveCfg = Release|x86
		{C0255B06-E99A-49D8-AEF2-384CAB5E8DD0}.Release|x86.Build.0 = Release|x86
	EndGlobalSection
	GlobalSection(NestedProjects) = preSolution
		{442BB67F-38A0-4AA0-AFAE-C3C410E249B1} = {94044B0E-96D7-41F9-A8FF-BFF2499C5491}
	EndGlobalSection
EndGlobal
